
Microsoft Visual Studio Solution File, Format Version 12.00
# Visual Studio Version 17
VisualStudioVersion = 17.4.33213.308
MinimumVisualStudioVersion = 10.0.40219.1
Project("{9A19103F-16F7-4668-BE54-9A1E7A4F7556}") = "OldPadChallenge", "OldPadChallenge.csproj", "{BAC2EA29-91F8-4CF0-B288-05165C3879B0}"
EndProject
Project("{FAE04EC0-301F-11D3-BF4B-00C04F79EFBC}") = "OldPadChallengeTests", "OldPadChallengeTests\OldPadChallengeTests.csproj", "{AECDFCF3-EFC4-4C3D-90B3-CF7A47B5234E}"
EndProject
Global
	GlobalSection(SolutionConfigurationPlatforms) = preSolution
		Debug|Any CPU = Debug|Any CPU
		Release|Any CPU = Release|Any CPU
	EndGlobalSection
	GlobalSection(ProjectConfigurationPlatforms) = postSolution
		{BAC2EA29-91F8-4CF0-B288-05165C3879B0}.Debug|Any CPU.ActiveCfg = Debug|Any CPU
		{BAC2EA29-91F8-4CF0-B288-05165C3879B0}.Debug|Any CPU.Build.0 = Debug|Any CPU
		{BAC2EA29-91F8-4CF0-B288-05165C3879B0}.Release|Any CPU.ActiveCfg = Release|Any CPU
		{BAC2EA29-91F8-4CF0-B288-05165C3879B0}.Release|Any CPU.Build.0 = Release|Any CPU
		{AECDFCF3-EFC4-4C3D-90B3-CF7A47B5234E}.Debug|Any CPU.ActiveCfg = Debug|Any CPU
		{AECDFCF3-EFC4-4C3D-90B3-CF7A47B5234E}.Debug|Any CPU.Build.0 = Debug|Any CPU
		{AECDFCF3-EFC4-4C3D-90B3-CF7A47B5234E}.Release|Any CPU.ActiveCfg = Release|Any CPU
		{AECDFCF3-EFC4-4C3D-90B3-CF7A47B5234E}.Release|Any CPU.Build.0 = Release|Any CPU
	EndGlobalSection
	GlobalSection(SolutionProperties) = preSolution
		HideSolutionNode = FALSE
	EndGlobalSection
	GlobalSection(ExtensibilityGlobals) = postSolution
		SolutionGuid = {8E8D533B-65C9-4640-B0C9-4C40358408D4}
	EndGlobalSection
EndGlobal
